{
  "version": "2",
  "remote": {
    "https://cdn.esm.sh/v76/fast-json-stable-stringify@2.1.0/deno/fast-json-stable-stringify.js": "ed6e02c86aa5eaaea672b56af356efcc26ab0468216ad537a7e66107b23e7541",
    "https://cdn.esm.sh/v76/fast-json-stable-stringify@2.1.0/index.d.ts": "61e10756680daf86f880804a8ef2f450570fa8470cd9fbe92dab0bd373ed2cd4",
    "https://cdn.esm.sh/v76/rfc4648@1.5.0/deno/rfc4648.js": "0c0faabca22c2c30c40cbfc8fe6338c3deccd1cb86074b5084c60ad4892c161e",
    "https://cdn.esm.sh/v76/rfc4648@1.5.0/lib/src/codec.d.ts": "b85e0cacbcbddaeaed7497fc24c779c06dbe9e1f7e16e1979c120831c92f0c0e",
    "https://cdn.esm.sh/v76/rfc4648@1.5.0/lib/src/index.d.ts": "705c5a29a7050fcc735988665316428cb2bfa678764a4acc5e50533fe5e8ee80",
    "https://cdn.esm.sh/v76/sha256-uint8array@0.10.3/deno/sha256-uint8array.js": "044928dee38cc059a0e4d267a09335ee35d638bef98a3862b01a0deaaa990735",
    "https://cdn.esm.sh/v76/sha256-uint8array@0.10.3/types/sha256-uint8array.d.ts": "60362f82662d61e60c4e9f4dca95e108cda56d3894cee115ffab6a25ab04f77a",
    "https://deno.land/std@0.138.0/async/deferred.ts": "bc18e28108252c9f67dfca2bbc4587c3cbf3aeb6e155f8c864ca8ecff992b98a",
    "https://deno.land/std@0.154.0/_util/assert.ts": "e94f2eb37cebd7f199952e242c77654e43333c1ac4c5c700e929ea3aa5489f74",
    "https://deno.land/std@0.154.0/_util/os.ts": "3b4c6e27febd119d36a416d7a97bd3b0251b77c88942c8f16ee5953ea13e2e49",
    "https://deno.land/std@0.154.0/fs/_util.ts": "fdc156f897197f261a1c096dcf8ff9267ed0ff42bd5b31f55053a4763a4bae3b",
    "https://deno.land/std@0.154.0/fs/ensure_dir.ts": "76395fc1c989ca8d2de3aedfa8240eb8f5225cde20f926de957995b063135b80",
    "https://deno.land/std@0.154.0/fs/move.ts": "6d7fa9da60dbc7a32dd7fdbc2ff812b745861213c8e92ba96dace0669b0c378c",
    "https://deno.land/std@0.154.0/fs/walk.ts": "d6c73a2a2fb5fde60150ce27cff3fff420e72e5bb84131b4919c9a41d74712ce",
    "https://deno.land/std@0.154.0/path/_constants.ts": "df1db3ffa6dd6d1252cc9617e5d72165cd2483df90e93833e13580687b6083c3",
    "https://deno.land/std@0.154.0/path/_interface.ts": "ee3b431a336b80cf445441109d089b70d87d5e248f4f90ff906820889ecf8d09",
    "https://deno.land/std@0.154.0/path/_util.ts": "d16be2a16e1204b65f9d0dfc54a9bc472cafe5f4a190b3c8471ec2016ccd1677",
    "https://deno.land/std@0.154.0/path/common.ts": "bee563630abd2d97f99d83c96c2fa0cca7cee103e8cb4e7699ec4d5db7bd2633",
    "https://deno.land/std@0.154.0/path/glob.ts": "cb5255638de1048973c3e69e420c77dc04f75755524cb3b2e160fe9277d939ee",
    "https://deno.land/std@0.154.0/path/mod.ts": "56fec03ad0ebd61b6ab39ddb9b0ddb4c4a5c9f2f4f632e09dd37ec9ebfd722ac",
    "https://deno.land/std@0.154.0/path/posix.ts": "c1f7afe274290ea0b51da07ee205653b2964bd74909a82deb07b69a6cc383aaa",
    "https://deno.land/std@0.154.0/path/separator.ts": "fe1816cb765a8068afb3e8f13ad272351c85cbc739af56dacfc7d93d710fe0f9",
    "https://deno.land/std@0.154.0/path/win32.ts": "bd7549042e37879c68ff2f8576a25950abbfca1d696d41d82c7bca0b7e6f452c",
    "https://deno.land/std@0.158.0/async/deferred.ts": "c01de44b9192359cebd3fe93273fcebf9e95110bf3360023917da9a2d1489fae",
    "https://deno.land/std@0.158.0/collections/_comparators.ts": "b9edf2170aaccbe11407d37e8948b6867cf68fbe5225f4cd4cdb02f174227157",
    "https://deno.land/std@0.158.0/collections/binary_search_node.ts": "44ce42e032d8701d1cbce0de4a2d991742743554d2df09783198d862284eb263",
    "https://deno.land/std@0.158.0/collections/binary_search_tree.ts": "64224e394fd3b894b5dee2f8da692405a5d6f107cd2ecbab48c478f63b9fad03",
    "https://deno.land/std@0.158.0/collections/red_black_node.ts": "8381a2fecdd28e06f2f730f091aa2a78cab57571a78727203f42e00fd24dd12f",
    "https://deno.land/std@0.158.0/collections/red_black_tree.ts": "b065e14cc319d1b0090aa6acbad387b7c9cb52346c259047a0c47b9695c7cc5c",
    "https://deno.land/std@0.167.0/_util/asserts.ts": "d0844e9b62510f89ce1f9878b046f6a57bf88f208a10304aab50efcb48365272",
    "https://deno.land/std@0.167.0/_util/os.ts": "8a33345f74990e627b9dfe2de9b040004b08ea5146c7c9e8fe9a29070d193934",
    "https://deno.land/std@0.167.0/async/abortable.ts": "80b2ac399f142cc528f95a037a7d0e653296352d95c681e284533765961de409",
    "https://deno.land/std@0.167.0/async/deadline.ts": "2c2deb53c7c28ca1dda7a3ad81e70508b1ebc25db52559de6b8636c9278fd41f",
    "https://deno.land/std@0.167.0/async/debounce.ts": "60301ffb37e730cd2d6f9dadfd0ecb2a38857681bd7aaf6b0a106b06e5210a98",
    "https://deno.land/std@0.167.0/async/deferred.ts": "77d3f84255c3627f1cc88699d8472b664d7635990d5358c4351623e098e917d6",
    "https://deno.land/std@0.167.0/async/delay.ts": "5a9bfba8de38840308a7a33786a0155a7f6c1f7a859558ddcec5fe06e16daf57",
    "https://deno.land/std@0.167.0/async/mod.ts": "7809ad4bb223e40f5fdc043e5c7ca04e0e25eed35c32c3c32e28697c553fa6d9",
    "https://deno.land/std@0.167.0/async/mux_async_iterator.ts": "770a0ff26c59f8bbbda6b703a2235f04e379f73238e8d66a087edc68c2a2c35f",
    "https://deno.land/std@0.167.0/async/pool.ts": "6854d8cd675a74c73391c82005cbbe4cc58183bddcd1fbbd7c2bcda42b61cf69",
    "https://deno.land/std@0.167.0/async/retry.ts": "e8e5173623915bbc0ddc537698fa418cf875456c347eda1ed453528645b42e67",
    "https://deno.land/std@0.167.0/async/tee.ts": "3a47cc4e9a940904fd4341f0224907e199121c80b831faa5ec2b054c6d2eff5e",
    "https://deno.land/std@0.167.0/bytes/equals.ts": "39006f683f6ab99ceb517ebdba5023d03e9a1d272da8bfb14154e2bda32bdbf9",
    "https://deno.land/std@0.167.0/encoding/base64.ts": "8605e018e49211efc767686f6f687827d7f5fd5217163e981d8d693105640d7a",
    "https://deno.land/std@0.167.0/fmt/colors.ts": "03ad95e543d2808bc43c17a3dd29d25b43d0f16287fe562a0be89bf632454a12",
    "https://deno.land/std@0.167.0/http/server.ts": "e99c1bee8a3f6571ee4cdeb2966efad465b8f6fe62bec1bdb59c1f007cc4d155",
    "https://deno.land/std@0.167.0/media_types/_util.ts": "ce9b4fc4ba1c447dafab619055e20fd88236ca6bdd7834a21f98bd193c3fbfa1",
    "https://deno.land/std@0.167.0/media_types/mod.ts": "8c0447e561dd74fb26c52ad0df92d9f2ab170329a11a3f78498e3ea94c0590fd",
    "https://deno.land/std@0.167.0/media_types/vendor/mime-db.v1.52.0.ts": "724cee25fa40f1a52d3937d6b4fbbfdd7791ff55e1b7ac08d9319d5632c7f5af",
    "https://deno.land/std@0.167.0/path/_constants.ts": "df1db3ffa6dd6d1252cc9617e5d72165cd2483df90e93833e13580687b6083c3",
    "https://deno.land/std@0.167.0/path/_interface.ts": "ee3b431a336b80cf445441109d089b70d87d5e248f4f90ff906820889ecf8d09",
    "https://deno.land/std@0.167.0/path/_util.ts": "d16be2a16e1204b65f9d0dfc54a9bc472cafe5f4a190b3c8471ec2016ccd1677",
    "https://deno.land/std@0.167.0/path/common.ts": "bee563630abd2d97f99d83c96c2fa0cca7cee103e8cb4e7699ec4d5db7bd2633",
    "https://deno.land/std@0.167.0/path/glob.ts": "81cc6c72be002cd546c7a22d1f263f82f63f37fe0035d9726aa96fc8f6e4afa1",
    "https://deno.land/std@0.167.0/path/mod.ts": "cf7cec7ac11b7048bb66af8ae03513e66595c279c65cfa12bfc07d9599608b78",
    "https://deno.land/std@0.167.0/path/posix.ts": "b859684bc4d80edfd4cad0a82371b50c716330bed51143d6dcdbe59e6278b30c",
    "https://deno.land/std@0.167.0/path/separator.ts": "fe1816cb765a8068afb3e8f13ad272351c85cbc739af56dacfc7d93d710fe0f9",
    "https://deno.land/std@0.167.0/path/win32.ts": "7cebd2bda6657371adc00061a1d23fdd87bcdf64b4843bb148b0b24c11b40f69",
    "https://deno.land/x/cliffy@v0.25.5/_utils/distance.ts": "02af166952c7c358ac83beae397aa2fbca4ad630aecfcd38d92edb1ea429f004",
    "https://deno.land/x/cliffy@v0.25.5/ansi/ansi_escapes.ts": "885f61f343223f27b8ec69cc138a54bea30542924eacd0f290cd84edcf691387",
    "https://deno.land/x/cliffy@v0.25.5/ansi/chain.ts": "31fb9fcbf72fed9f3eb9b9487270d2042ccd46a612d07dd5271b1a80ae2140a0",
    "https://deno.land/x/cliffy@v0.25.5/ansi/cursor_position.ts": "d537491e31d9c254b208277448eff92ff7f55978c4928dea363df92c0df0813f",
    "https://deno.land/x/cliffy@v0.25.5/ansi/deps.ts": "dbcd92e7208a2ed0acdc2c2bbbbae9ff08c4578bde49192cb6a2a0a38f944be2",
    "https://deno.land/x/cliffy@v0.25.5/ansi/tty.ts": "8fb064c17ead6cdf00c2d3bc87a9fd17b1167f2daa575c42b516f38bdb604673",
    "https://deno.land/x/cliffy@v0.25.5/keycode/key_code.ts": "de4f59787d23015acb54ae8f9a05439c933d3f2c60cdf2b290fd6d9109669894",
    "https://deno.land/x/cliffy@v0.25.5/keycode/key_codes.ts": "917f0a2da0dbace08cf29bcfdaaa2257da9fe7e705fff8867d86ed69dfb08cfe",
    "https://deno.land/x/cliffy@v0.25.5/keycode/mod.ts": "292d2f295316c6e0da6955042a7b31ab2968ff09f2300541d00f05ed6c2aa2d4",
    "https://deno.land/x/cliffy@v0.25.5/prompt/_generic_input.ts": "727d9820eed3b174b4ddf6e2057bc5c9be88a21ee074c0f92b1e0a1b38db3366",
    "https://deno.land/x/cliffy@v0.25.5/prompt/_generic_list.ts": "3dc8015738fad5937fe03ab450429ac05ca663cf2b4ae873747d819d243197dc",
    "https://deno.land/x/cliffy@v0.25.5/prompt/_generic_prompt.ts": "c46a1adb7e6e6a030b1e887f062017cb941714e5d6d893989e1d88d4465a9b27",
    "https://deno.land/x/cliffy@v0.25.5/prompt/_generic_suggestions.ts": "57d20659914685dbe7caae1d79dc9e1dec94333af5788c1f14c05dc81e2e48c3",
    "https://deno.land/x/cliffy@v0.25.5/prompt/_utils.ts": "676cca30762656ed1a9bcb21a7254244278a23ffc591750e98a501644b6d2df3",
    "https://deno.land/x/cliffy@v0.25.5/prompt/checkbox.ts": "4e00e94efcd7a9917101f719564b3bf98a7aee0986bb004a4a75125081538b9d",
    "https://deno.land/x/cliffy@v0.25.5/prompt/confirm.ts": "9de9fd0e51f939bac0c6a5758bf6c9aa438d5916de196761091d689c6f950cf0",
    "https://deno.land/x/cliffy@v0.25.5/prompt/deps.ts": "1e04f65fe6f0134e53887ead3f9aaca517e7ad911a9e62e9a1fafd66cd8a6888",
    "https://deno.land/x/cliffy@v0.25.5/prompt/figures.ts": "26af0fbfe21497220e4b887bb550fab997498cde14703b98e78faf370fbb4b94",
    "https://deno.land/x/cliffy@v0.25.5/prompt/input.ts": "8a98b6b2fbfc273785fdaaecc2e976aaf2d1402387045d73fc7d3fbe75023ea5",
    "https://deno.land/x/cliffy@v0.25.5/prompt/list.ts": "4214e85d8755c1937de456583506a6335e346f041d9eba9230e7578bf3bd9dcc",
    "https://deno.land/x/cliffy@v0.25.5/prompt/mod.ts": "195aed14d10d279914eaa28c696dec404d576ca424c097a5bc2b4a7a13b66c89",
    "https://deno.land/x/cliffy@v0.25.5/prompt/number.ts": "65766e272f4fb96d35b3e6f54673987f81119315b2e843ae60516b064eb5ac04",
    "https://deno.land/x/cliffy@v0.25.5/prompt/prompt.ts": "0e7f6a1d43475ee33fb25f7d50749b2f07fc0bcddd9579f3f9af12d05b4a4412",
    "https://deno.land/x/cliffy@v0.25.5/prompt/secret.ts": "4d513925deca97a7ca5110f2fb6290186ce6deb4de93a9ce841737f196e27177",
    "https://deno.land/x/cliffy@v0.25.5/prompt/select.ts": "3e58d118e79933036df69b30fb5aa63101dccee1f044d1a0010f32ad909806d5",
    "https://deno.land/x/cliffy@v0.25.5/prompt/toggle.ts": "16a8aa3f4f22db7d4705cd263569d547b6540c53b057e64a4c4028b610dd1920",
    "https://deno.land/x/earthstar@v10.0.0/deps.ts": "085313ed63c3698d435325a0e4b48a1065a03bf3275b09b9b2645af2bdfff257",
    "https://deno.land/x/earthstar@v10.0.0/mod.ts": "cbce137f4f69eca3960a6162e922c6fe02e5afd96e618a46ba7b25bdcbe1222a",
    "https://deno.land/x/earthstar@v10.0.0/src/core-validators/addresses.ts": "44303cc542db9849f4c606e716dc5fda0491b380ddf11a163dddaf625bf0faad",
    "https://deno.land/x/earthstar@v10.0.0/src/core-validators/characters.ts": "fb72315b3ea79aab6ebed09e95329b452ded2498684ef92b11411628e3f706be",
    "https://deno.land/x/earthstar@v10.0.0/src/core-validators/checkers.ts": "8cc7579b0fdb72b10c3f979d92a6e27f03952f1955a962846c92cb7dedb52215",
    "https://deno.land/x/earthstar@v10.0.0/src/crypto/base32.ts": "0aad78407fd95bd12ed59258fec032d021c4d8717e841f85af6e3f94b6e0c734",
    "https://deno.land/x/earthstar@v10.0.0/src/crypto/crypto-driver-noble.ts": "6959c4b50719ead3c9558101e898e3d1164b1091fd28833b52eacf61b3ec5272",
    "https://deno.land/x/earthstar@v10.0.0/src/crypto/crypto-driver-sodium.ts": "e1aa0430d7766caf592205ff3e7976f95b2c30fb0d44878244aa9a596103b473",
    "https://deno.land/x/earthstar@v10.0.0/src/crypto/crypto-types.ts": "977842a5e0ddfdb9e658d428ea3e1dae62ab255f8869d3421875283a010a93c5",
    "https://deno.land/x/earthstar@v10.0.0/src/crypto/crypto.ts": "cb1fcea7fab68cf67e8ecfdcb14b8fc0dfdf94f4fb242b581f42d5e72f048a60",
    "https://deno.land/x/earthstar@v10.0.0/src/crypto/default_driver.ts": "b428e7743dcf8ebd72a6360de200bea424fd9415f9f6a28ffc8f25971858a30d",
    "https://deno.land/x/earthstar@v10.0.0/src/crypto/global-crypto-driver.ts": "8d28123e7cd07641270cd7a8e94a64cde902808e91aa63019412c74a5f557266",
    "https://deno.land/x/earthstar@v10.0.0/src/crypto/keypair.ts": "71aa309efa4fd9ba196ea254217c1b4983f1a1168d17bd49ee7d6a4103a3525e",
    "https://deno.land/x/earthstar@v10.0.0/src/crypto/updatable_hash.ts": "e61116adefa362f2c2bb1b297e190024cdf254a0aadef7d0fba72e4808493e88",
    "https://deno.land/x/earthstar@v10.0.0/src/entries/deno.ts": "b92ac61ccea8dc19ecce2a5b5f345e312ca08d91e9e92cd0fa3854415e9222a3",
    "https://deno.land/x/earthstar@v10.0.0/src/entries/universal.ts": "68ca7d6f1d353f85c97517a5f691c57e9da9a5c11f4738380d3cd2b16c74c7b9",
    "https://deno.land/x/earthstar@v10.0.0/src/formats/format_es4.ts": "ef168733109c77cdcbe658e7c3a044fb8227d6507e7d4ca6c6f7bf7290fea6f3",
    "https://deno.land/x/earthstar@v10.0.0/src/formats/format_es5.ts": "72dcc110bf1f2f744efc77f6c5ea76b86babc1d5a662ff3721a3c86c38de2dd8",
    "https://deno.land/x/earthstar@v10.0.0/src/formats/format_types.ts": "28d42307af38bdd81551b16e1160e7d4807982b3adab70a8acc941392e051624",
    "https://deno.land/x/earthstar@v10.0.0/src/formats/util.ts": "3959e345fa640c71c45cdba8b00db88c2ccadcd205afa78e167696ea80bd6b9c",
    "https://deno.land/x/earthstar@v10.0.0/src/peer/peer-types.ts": "0a2e028e232427649e21fac8c3975cc3af364adeec346ee724c595573beca9d1",
    "https://deno.land/x/earthstar@v10.0.0/src/peer/peer.ts": "88a515299692d9347cae25a7f286407f0c69540b3461c0a9aaa34e681aaa624c",
    "https://deno.land/x/earthstar@v10.0.0/src/query/query-helpers.ts": "9832146900cf09b26e9f630a9caabb9042d7d9db11dfeb1465b5ef5d03271b76",
    "https://deno.land/x/earthstar@v10.0.0/src/query/query-types.ts": "9f15cb0e7e5917d9d5e7bacd8dbc6261c116211eba961998114ecd4b77f61198",
    "https://deno.land/x/earthstar@v10.0.0/src/query/query.ts": "0db678859fb589cf03769054ec6e1a92e28f647e6e824aad09c4b6c37511489f",
    "https://deno.land/x/earthstar@v10.0.0/src/replica/attachment_drivers/filesystem.ts": "ac77df9a8a3703d4d0544bc6856ce515af9eeab1fbb544a121f9ad17e7695236",
    "https://deno.land/x/earthstar@v10.0.0/src/replica/attachment_drivers/memory.ts": "c4026656397fb9a7785179d44279b7f1b654c4faf97abcb029e8793926090a13",
    "https://deno.land/x/earthstar@v10.0.0/src/replica/compare.ts": "b3a9f012925ac2dad6bc23c3e668cc10acf52165edd005bf688027c17ee3aa8d",
    "https://deno.land/x/earthstar@v10.0.0/src/replica/doc_drivers/localstorage.ts": "31ab25a4740209ccc34179cf090e59372d7e130e93e19401112a63ec3b21b1a9",
    "https://deno.land/x/earthstar@v10.0.0/src/replica/doc_drivers/memory.ts": "69d4329160849c601ca374e71af57834abde525ef24c630bf81ab9e9b269b0bc",
    "https://deno.land/x/earthstar@v10.0.0/src/replica/doc_drivers/sqlite.deno.ts": "a58a994d654b8309a564d90095e5908c5d76daff38e9eb6bb76cae5d4f1fb9f1",
    "https://deno.land/x/earthstar@v10.0.0/src/replica/doc_drivers/sqlite.shared.ts": "5c27e4e5ee72bca093200d8c56a244086f66aec52ae812e3b7f9d97249103802",
    "https://deno.land/x/earthstar@v10.0.0/src/replica/driver_fs.ts": "f01efcdb94a241a1d22d30034806987505851a4f586f7877c0dfa57385459e78",
    "https://deno.land/x/earthstar@v10.0.0/src/replica/driver_memory.ts": "de246633e2bb7287b92142a16bf045da5422728d7ed48eb7144b8efab1662ab1",
    "https://deno.land/x/earthstar@v10.0.0/src/replica/multiformat_replica.ts": "94ae0b51c73174b6d4e7ab7580186abd7b3373c7d9ae36d0777103610fcb655c",
    "https://deno.land/x/earthstar@v10.0.0/src/replica/replica-types.ts": "1385d998943d319a3b960786e75c457c12b73b002e7f0eca6b7807319d68a9f2",
    "https://deno.land/x/earthstar@v10.0.0/src/replica/replica.ts": "4383520baf5bf9314e1076fcf59171d35337de573119e697f492a9e08295a27c",
    "https://deno.land/x/earthstar@v10.0.0/src/replica/replica_cache.ts": "8cfbd1058e3d1485e306a44685df054e64295ee460d88521fc828bdef7059eca",
    "https://deno.land/x/earthstar@v10.0.0/src/replica/util-types.ts": "390f0d926d2a85509eac4566cffd5d1af7669a7d2b313fb93ed0d4761a3e434b",
    "https://deno.land/x/earthstar@v10.0.0/src/server/extensions/extension.ts": "cb74476bcfd236b38ba644127c6261e13b027b56f2dd2c0d448f4f23bab19038",
    "https://deno.land/x/earthstar@v10.0.0/src/server/extensions/known_shares.ts": "1788ad4a0791fd49d410438e4aa40287727cc34516ca22c836dc3f490386a9a9",
    "https://deno.land/x/earthstar@v10.0.0/src/server/extensions/serve_content.ts": "a7264be8ed8cf1e1e7763a4ab05fa03b0a18d789165f5bb3cd3ea3b9e76569eb",
    "https://deno.land/x/earthstar@v10.0.0/src/server/extensions/server_settings.ts": "793af203a01017f6b3c396843845231e3ddd5b012ac490da2fffba1a1b7a0eb6",
    "https://deno.land/x/earthstar@v10.0.0/src/server/extensions/sync_web.ts": "009854bc9f49163110b600aa8312e0e20f68264262fd2da904a0f0e99a03a0d4",
    "https://deno.land/x/earthstar@v10.0.0/src/server/server.ts": "641040287b3250124b382ab158f6112b00e594993deae760f0aa4bf81fe390b8",
    "https://deno.land/x/earthstar@v10.0.0/src/server/server_core.ts": "377d701113df3a22a2b060eb2980aed55a5c5797af411b628fac849d3af32b73",
    "https://deno.land/x/earthstar@v10.0.0/src/streams/stream_utils.ts": "357adfedd9ac72c07526ef1f411bac429e9873f96426e92ff0da34262e3939da",
    "https://deno.land/x/earthstar@v10.0.0/src/sync-fs/constants.ts": "b2916aac6395c63016f69bcca59ce49c918cd68c651849c96910a34bdf9d1a9b",
    "https://deno.land/x/earthstar@v10.0.0/src/sync-fs/sync-fs-types.ts": "835413978626cb0e53505e7a91d43aa87544c4e3a6af611719af1c32c407a6c0",
    "https://deno.land/x/earthstar@v10.0.0/src/sync-fs/sync-fs.ts": "939bdd6da375f0b7266e76af72c6557a4f82ffc205b1aa5ed85a78a337ec5c36",
    "https://deno.land/x/earthstar@v10.0.0/src/sync-fs/util.ts": "29235c7601c127e32cd6c2b0de294daf1af00636cdfd92d14c05353619e5dfa2",
    "https://deno.land/x/earthstar@v10.0.0/src/syncer/attachment_transfer.ts": "798fd5d6b94276a72d790a04d906fdd3db555c69dd9903d0bfb24d144c8ed393",
    "https://deno.land/x/earthstar@v10.0.0/src/syncer/doc_thumbnail_tree.ts": "083ac1401c0d2aaa34e6a4aedeaf92b88b3960dea0a8dcaa70e4e0cd1f3790ea",
    "https://deno.land/x/earthstar@v10.0.0/src/syncer/multi_deferred.ts": "226a92cc8b8d331be53396522572accf0c262744b732ab31cf59efc1b193f7e0",
    "https://deno.land/x/earthstar@v10.0.0/src/syncer/partner_local.ts": "c8a7249b4737416d14cf33ad5687b5877336f9226eef197ba5afbe3c9d2851dd",
    "https://deno.land/x/earthstar@v10.0.0/src/syncer/partner_web_client.ts": "68220826b4f4350513ee99b505e3413c222996be689b89ec1434dc1264c9293c",
    "https://deno.land/x/earthstar@v10.0.0/src/syncer/partner_web_server.ts": "0b1ee737deb52a8b91f680df73d6f5a6b4df8f0637591d8e1e51215e0ad1c3f3",
    "https://deno.land/x/earthstar@v10.0.0/src/syncer/plum_tree.ts": "a245ff3a2a0d5bcd75b30eb00056e2e48420c6d815b0e9b7fe50f1d873c1ca58",
    "https://deno.land/x/earthstar@v10.0.0/src/syncer/promise_enroller.ts": "bd681bd6ee52c6d581f995111bb4ef9dc062a5eaf2734357e3b3e196267bfbb6",
    "https://deno.land/x/earthstar@v10.0.0/src/syncer/range_messenger.ts": "0731667945f5589eea3b494a950f4331d184ebf709476bc4262cca3b53aba12d",
    "https://deno.land/x/earthstar@v10.0.0/src/syncer/sync_agent.ts": "ffc6032866d879e2a57542d05b19d8ecfb97a4c5ab4c01b21579734b2a2e8f3d",
    "https://deno.land/x/earthstar@v10.0.0/src/syncer/syncer.ts": "56d3623574b7f8ddb37a3755369b9dd2c8747048f6a5e5656c36e761f8df2334",
    "https://deno.land/x/earthstar@v10.0.0/src/syncer/syncer_manager.ts": "54561e5f1f95d1a458c3ac3c60eb47e648774f2be54e68287dba36b7f650b9be",
    "https://deno.land/x/earthstar@v10.0.0/src/syncer/syncer_types.ts": "79776025363340654ecd34b8c7e824fca1be130027aa2c6c1853e71b6d22c94a",
    "https://deno.land/x/earthstar@v10.0.0/src/syncer/transfer_manager.ts": "cd0ebde8792f2f09de50fe6f5d69eeb97888c53a3cf53101bf6b0d2bbd043e7d",
    "https://deno.land/x/earthstar@v10.0.0/src/syncer/transfer_queue.ts": "aa7b30d0a534184a4cc622fd94760213157a686bac8c78f3a8ac2f59ade12776",
    "https://deno.land/x/earthstar@v10.0.0/src/util/attachment_stream_info.ts": "4a18ed9ad0ce2af4b1d35d3233af2fd8d449216ed1816946efd24a4cc4846592",
    "https://deno.land/x/earthstar@v10.0.0/src/util/bigint.ts": "1000e02531f145472b528363d246d619607416b6a65994ce43fa35615b5bd4a9",
    "https://deno.land/x/earthstar@v10.0.0/src/util/bytes.ts": "85cbcf66f802ccc2c587fa76da391f25f89b7fe2876d900f70b3d0a1fdb88e52",
    "https://deno.land/x/earthstar@v10.0.0/src/util/doc-types.ts": "707a16bb72562c8f4384d37d7409e9bf43eb04460ae0874e66d4f149e372211f",
    "https://deno.land/x/earthstar@v10.0.0/src/util/errors.ts": "118ed215ec91ce4d478ef96b3c0cf3f07500698e320b2a18545084d8ba2a5a91",
    "https://deno.land/x/earthstar@v10.0.0/src/util/log.ts": "46316fa1330f8f8db0a89c6082b24472b992bbe279ac644d957db29869a16c13",
    "https://deno.land/x/earthstar@v10.0.0/src/util/misc.ts": "453316f585b63bc86c60990638ada2c88ef5915bd435d3dd57e360457194d37e",
    "https://deno.land/x/earthstar@v10.0.0/src/util/shared_settings.ts": "9d047af2b958f39a78412cc95ad155b00084555bb5ec997433abc75ef99db91e",
    "https://deno.land/x/earthstar@v10.0.0/src/util/streams.ts": "b9542e8949060f2bca52b9ebde709cfb2da81e7d0203314499826db7e13da1fb",
    "https://deno.land/x/earthstar@v10.0.0/src/util/xxhash64.js": "ad885672fba660ae1df68dd9fe0580587beaf6d408bb9ed560d272c4523b74f0",
    "https://deno.land/x/for_awaitable_queue@1.0.0/mod.ts": "a2fb2014da6401733499376cb58a9ae82819aea6471bf8df8388dcbed58a52f9",
    "https://deno.land/x/range_reconcile@0.1.2/mod.ts": "bf886668195e27bce5a958a2b3bcb8f2ed47e1f2d2e782db08d8ab1948b6e7ae",
    "https://deno.land/x/range_reconcile@0.1.2/src/fingerprint_tree/fingerprint_tree.ts": "1a18915414e057344a7c4559862c9ab80fcb6b59ad0e7d295f051df5cfd9a672",
    "https://deno.land/x/range_reconcile@0.1.2/src/lifting_monoid.ts": "f9f650a9a364fd7510ca497ea2a9fb69cc52f09b4e74143d37f7a08b9ab1cef3",
    "https://deno.land/x/range_reconcile@0.1.2/src/range_messenger/range_messenger.ts": "78f966c9857c2fad3ec6b48bb6c0e0f3d16ac1d32bb0146067227ff1693f078e",
    "https://deno.land/x/range_reconcile@0.1.2/src/range_messenger/range_messenger_config.ts": "a695011a6b38cbc736f53b2c6e61059b3f3d3caa06f36c15fe641986fbef6dfd",
    "https://deno.land/x/range_reconcile@0.1.2/src/teeable_deferred.ts": "0c167f2d7d0708e24e42c08752aa2e6a82398df03266546c390f06d1e6eb7280",
    "https://deno.land/x/range_reconcile@0.1.2/src/util.ts": "cae679c2cc2aba479899f5de8049937e0a62c5206974dcbdd81ad8663b4ccde5",
    "https://deno.land/x/shallow_equal@v0.1.3/arrays.ts": "2ffe92cd73423ce89ef6b1fd2fad26c3657d114a4030cd410daa78f210754192",
    "https://deno.land/x/shallow_equal@v0.1.3/mod.ts": "8699bbfa42900fcec42d270fdfa0f2c9c03a2098221d974088c946cbafdc8fb6",
    "https://deno.land/x/shallow_equal@v0.1.3/objects.ts": "0859f90c3269b0b420d2e7776ecbed574bed79af4afea957050e63eb35f29f0c",
    "https://deno.land/x/sodium@0.2.0/basic.ts": "458ec1e8e90b5df3c0d8a7a7e4747dbbbd35e3ee776ac4dc7c44d3ec70784de9",
    "https://deno.land/x/sodium@0.2.0/basic_types.ts": "49e32fd3d239e183d71e2509def40a70ce0308f4d9f0552dd355be8094e2fe5f",
    "https://deno.land/x/sodium@0.2.0/dist/browsers/sodium.js": "169e09bb1d056fd4700c95edbdb399d8050d685ce44b40f520e35a021167d520",
    "https://deno.land/x/sqlite@v3.2.0/build/sqlite.d.ts": "ccb2ec6b78608781d4a69f92a54c16becae0c69ded71e85b2ecb8c4865cfed91",
    "https://deno.land/x/sqlite@v3.2.0/build/sqlite.js": "16fe819f3b40c0d2e100014ec922b7dcef32bc9a0c799a9ecd4f1ae104217c88",
    "https://deno.land/x/sqlite@v3.2.0/build/vfs.js": "baff72655c0916c906327fe6703c6a47daa1346e55c2eaa2629bcd879a673c8d",
    "https://deno.land/x/sqlite@v3.2.0/mod.ts": "0b3e066f61a149d5aa99a50e2c41c687eaa0713350d3e9bfbe4025173ec1c9a9",
    "https://deno.land/x/sqlite@v3.2.0/src/constants.ts": "b967237b460fafa03ca03aeddb33953bed41c7cbdc309a934e2329a5c84079ac",
    "https://deno.land/x/sqlite@v3.2.0/src/db.ts": "51e39293ba03679a779719a32fca503b3d8728f366762b4f7fb9fd8974985ab8",
    "https://deno.land/x/sqlite@v3.2.0/src/error.ts": "6b0e5e8e5b60c928ab5b125a0801074445fbe40b20de87c95ca15f4b88592faf",
    "https://deno.land/x/sqlite@v3.2.0/src/query.ts": "ad41895ceb1585a4f67b4cf836a3106d9be8957bf00ec48a056638026286f9b0",
    "https://deno.land/x/sqlite@v3.2.0/src/wasm.ts": "e79d0baa6e42423257fb3c7cc98091c54399254867e0f34a09b5bdef37bd9487",
    "https://esm.sh/fast-json-stable-stringify@2.1.0": "f74046f2d3ec8ffd50d787527da95baea58065ef0def0b6fb46c072c833b7a24",
    "https://esm.sh/rfc4648@1.5.0": "1097048876d65805808b9f179f45262cd520d7e1a2c9b5674157144a6579dcad",
    "https://esm.sh/sha256-uint8array@0.10.3": "1cc71de784d431436411699e23f46b223cf4604840df480de77c34eb4dff8d1d",
    "https://raw.githubusercontent.com/sgwilym/noble-ed25519/153f9e7e9952ad22885f5abb3f6abf777bef4a4c/index.ts": "7bbdf74c218c856982948b3e4c63a276fee69d73f581db5c84ecfe2a37f1f371",
    "https://raw.githubusercontent.com/sgwilym/noble-ed25519/153f9e7e9952ad22885f5abb3f6abf777bef4a4c/mod.ts": "92f8abb3961cc84a393878ab48b0223dc25ee707400207922cb544aa7cdfbbe6"
  }
}
